
Microsoft Visual Studio Solution File, Format Version 12.00
# Visual Studio 15
VisualStudioVersion = 15.0.27428.2037
MinimumVisualStudioVersion = 10.0.40219.1
Project("{FAE04EC0-301F-11D3-BF4B-00C04F79EFBC}") = "Examen", "Examen\Examen.csproj", "{E43C0C05-8BC5-43BD-B3A5-967B838137BE}"
EndProject
Global
	GlobalSection(SolutionConfigurationPlatforms) = preSolution
		Debug|Any CPU = Debug|Any CPU
		Release|Any CPU = Release|Any CPU
	EndGlobalSection
	GlobalSection(ProjectConfigurationPlatforms) = postSolution
		{E43C0C05-8BC5-43BD-B3A5-967B838137BE}.Debug|Any CPU.ActiveCfg = Debug|Any CPU
		{E43C0C05-8BC5-43BD-B3A5-967B838137BE}.Debug|Any CPU.Build.0 = Debug|Any CPU
		{E43C0C05-8BC5-43BD-B3A5-967B838137BE}.Release|Any CPU.ActiveCfg = Release|Any CPU
		{E43C0C05-8BC5-43BD-B3A5-967B838137BE}.Release|Any CPU.Build.0 = Release|Any CPU
	EndGlobalSection
	GlobalSection(SolutionProperties) = preSolution
		HideSolutionNode = FALSE
	EndGlobalSection
	GlobalSection(ExtensibilityGlobals) = postSolution
		SolutionGuid = {F9795C89-895C-4D7A-AB7F-B3C1B82F6C54}
	EndGlobalSection
EndGlobal
